
Microsoft Visual Studio Solution File, Format Version 12.00
# Visual Studio Version 17
VisualStudioVersion = 17.13.35825.156 d17.13
MinimumVisualStudioVersion = 10.0.40219.1
Project("{2150E333-8FDC-42A3-9474-1A3956D46DE8}") = "Microservices", "Microservices", "{02EA681E-C7D8-13C7-8484-4AC65E1B71E8}"
EndProject
Project("{2150E333-8FDC-42A3-9474-1A3956D46DE8}") = "Domain", "Domain", "{DCAECCD3-4ADE-4024-8C2B-6CD8A7DC6621}"
EndProject
Project("{2150E333-8FDC-42A3-9474-1A3956D46DE8}") = "Infra.Bus", "Infra.Bus", "{D015E26B-9F86-4512-9070-BAE7F773CD4C}"
EndProject
Project("{2150E333-8FDC-42A3-9474-1A3956D46DE8}") = "Infra.IoC", "Infra.IoC", "{76E3ADB2-D459-4C04-BAFB-78E63E5EFE20}"
EndProject
Project("{2150E333-8FDC-42A3-9474-1A3956D46DE8}") = "Presentation", "Presentation", "{CE486F2C-4764-4B61-8E05-59B4A54455FC}"
EndProject
Project("{FAE04EC0-301F-11D3-BF4B-00C04F79EFBC}") = "MicroRabbit.Domain.Core", "MicroRabbit.Domain.Core\MicroRabbit.Domain.Core.csproj", "{B71150EC-4357-4788-B9CF-EC627F6CF679}"
EndProject
Global
	GlobalSection(SolutionConfigurationPlatforms) = preSolution
		Debug|Any CPU = Debug|Any CPU
		Release|Any CPU = Release|Any CPU
	EndGlobalSection
	GlobalSection(ProjectConfigurationPlatforms) = postSolution
		{B71150EC-4357-4788-B9CF-EC627F6CF679}.Debug|Any CPU.ActiveCfg = Debug|Any CPU
		{B71150EC-4357-4788-B9CF-EC627F6CF679}.Debug|Any CPU.Build.0 = Debug|Any CPU
		{B71150EC-4357-4788-B9CF-EC627F6CF679}.Release|Any CPU.ActiveCfg = Release|Any CPU
		{B71150EC-4357-4788-B9CF-EC627F6CF679}.Release|Any CPU.Build.0 = Release|Any CPU
	EndGlobalSection
	GlobalSection(SolutionProperties) = preSolution
		HideSolutionNode = FALSE
	EndGlobalSection
	GlobalSection(NestedProjects) = preSolution
		{B71150EC-4357-4788-B9CF-EC627F6CF679} = {DCAECCD3-4ADE-4024-8C2B-6CD8A7DC6621}
	EndGlobalSection
	GlobalSection(ExtensibilityGlobals) = postSolution
		SolutionGuid = {A6075745-F35D-407C-9BE6-3BF11E5A0335}
	EndGlobalSection
EndGlobal
